Microsoft Visual Studio Solution File, Format Version 12.00
# Visual Studio Version 17
VisualStudioVersion = 17.5.2.0
MinimumVisualStudioVersion = 10.0.40219.1
Project("{FAE04EC0-301F-11D3-BF4B-00C04F79EFBC}") = "GetChoiceValueCounts", "GetChoiceValueCounts.csproj", "{F133EFB9-BC71-AE4B-D793-E31BEDAC6E6A}"
EndProject
Global
	GlobalSection(SolutionConfigurationPlatforms) = preSolution
		Debug|Any CPU = Debug|Any CPU
		Release|Any CPU = Release|Any CPU
	EndGlobalSection
	GlobalSection(ProjectConfigurationPlatforms) = postSolution
		{F133EFB9-BC71-AE4B-D793-E31BEDAC6E6A}.Debug|Any CPU.ActiveCfg = Debug|Any CPU
		{F133EFB9-BC71-AE4B-D793-E31BEDAC6E6A}.Debug|Any CPU.Build.0 = Debug|Any CPU
		{F133EFB9-BC71-AE4B-D793-E31BEDAC6E6A}.Release|Any CPU.ActiveCfg = Release|Any CPU
		{F133EFB9-BC71-AE4B-D793-E31BEDAC6E6A}.Release|Any CPU.Build.0 = Release|Any CPU
	EndGlobalSection
	GlobalSection(SolutionProperties) = preSolution
		HideSolutionNode = FALSE
	EndGlobalSection
	GlobalSection(ExtensibilityGlobals) = postSolution
		SolutionGuid = {FA027882-83D4-444B-B45A-C8357088CC26}
	EndGlobalSection
EndGlobal
